
Microsoft Visual Studio Solution File, Format Version 12.00
# Visual Studio 15
VisualStudioVersion = 15.0.28307.902
MinimumVisualStudioVersion = 10.0.40219.1
Project("{8BC9CEB8-8B4A-11D0-8D11-00A0C91BC942}") = "day_3_2_niuke", "day_3_2_niuke\day_3_2_niuke.vcxproj", "{9753C8BE-68D9-43DF-B726-8F46CF14F3E7}"
EndProject
Global
	GlobalSection(SolutionConfigurationPlatforms) = preSolution
		Debug|x64 = Debug|x64
		Debug|x86 = Debug|x86
		Release|x64 = Release|x64
		Release|x86 = Release|x86
	EndGlobalSection
	GlobalSection(ProjectConfigurationPlatforms) = postSolution
		{9753C8BE-68D9-43DF-B726-8F46CF14F3E7}.Debug|x64.ActiveCfg = Debug|x64
		{9753C8BE-68D9-43DF-B726-8F46CF14F3E7}.Debug|x64.Build.0 = Debug|x64
		{9753C8BE-68D9-43DF-B726-8F46CF14F3E7}.Debug|x86.ActiveCfg = Debug|Win32
		{9753C8BE-68D9-43DF-B726-8F46CF14F3E7}.Debug|x86.Build.0 = Debug|Win32
		{9753C8BE-68D9-43DF-B726-8F46CF14F3E7}.Release|x64.ActiveCfg = Release|x64
		{9753C8BE-68D9-43DF-B726-8F46CF14F3E7}.Release|x64.Build.0 = Release|x64
		{9753C8BE-68D9-43DF-B726-8F46CF14F3E7}.Release|x86.ActiveCfg = Release|Win32
		{9753C8BE-68D9-43DF-B726-8F46CF14F3E7}.Release|x86.Build.0 = Release|Win32
	EndGlobalSection
	GlobalSection(SolutionProperties) = preSolution
		HideSolutionNode = FALSE
	EndGlobalSection
	GlobalSection(ExtensibilityGlobals) = postSolution
		SolutionGuid = {C391CD44-CB1E-401B-9F7E-55ABFCE5BA03}
	EndGlobalSection
EndGlobal
